
Microsoft Visual Studio Solution File, Format Version 12.00
# Visual Studio Version 17
VisualStudioVersion = 17.11.35219.272
MinimumVisualStudioVersion = 10.0.40219.1
Project("{9A19103F-16F7-4668-BE54-9A1E7A4F7556}") = "CRUDEXAMPLE", "CRUDEXAMPLE\CRUDEXAMPLE.csproj", "{EFEC8CB4-4C34-4075-B81F-AE2D639DF0CC}"
EndProject
Global
	GlobalSection(SolutionConfigurationPlatforms) = preSolution
		Debug|Any CPU = Debug|Any CPU
		Release|Any CPU = Release|Any CPU
	EndGlobalSection
	GlobalSection(ProjectConfigurationPlatforms) = postSolution
		{EFEC8CB4-4C34-4075-B81F-AE2D639DF0CC}.Debug|Any CPU.ActiveCfg = Debug|Any CPU
		{EFEC8CB4-4C34-4075-B81F-AE2D639DF0CC}.Debug|Any CPU.Build.0 = Debug|Any CPU
		{EFEC8CB4-4C34-4075-B81F-AE2D639DF0CC}.Release|Any CPU.ActiveCfg = Release|Any CPU
		{EFEC8CB4-4C34-4075-B81F-AE2D639DF0CC}.Release|Any CPU.Build.0 = Release|Any CPU
	EndGlobalSection
	GlobalSection(SolutionProperties) = preSolution
		HideSolutionNode = FALSE
	EndGlobalSection
	GlobalSection(ExtensibilityGlobals) = postSolution
		SolutionGuid = {9DE0DE36-BB3A-48C7-8708-D6B707DC86C0}
	EndGlobalSection
EndGlobal
